
Microsoft Visual Studio Solution File, Format Version 12.00
# Visual Studio Version 17
VisualStudioVersion = 17.3.32901.215
MinimumVisualStudioVersion = 10.0.40219.1
Project("{FAE04EC0-301F-11D3-BF4B-00C04F79EFBC}") = "BattleArena", "BattleArena\BattleArena.csproj", "{80D374F2-2D99-408A-9BE7-DCD2FFC1027D}"
EndProject
Global
	GlobalSection(SolutionConfigurationPlatforms) = preSolution
		Debug|Any CPU = Debug|Any CPU
		Release|Any CPU = Release|Any CPU
	EndGlobalSection
	GlobalSection(ProjectConfigurationPlatforms) = postSolution
		{80D374F2-2D99-408A-9BE7-DCD2FFC1027D}.Debug|Any CPU.ActiveCfg = Debug|Any CPU
		{80D374F2-2D99-408A-9BE7-DCD2FFC1027D}.Debug|Any CPU.Build.0 = Debug|Any CPU
		{80D374F2-2D99-408A-9BE7-DCD2FFC1027D}.Release|Any CPU.ActiveCfg = Release|Any CPU
		{80D374F2-2D99-408A-9BE7-DCD2FFC1027D}.Release|Any CPU.Build.0 = Release|Any CPU
	EndGlobalSection
	GlobalSection(SolutionProperties) = preSolution
		HideSolutionNode = FALSE
	EndGlobalSection
	GlobalSection(ExtensibilityGlobals) = postSolution
		SolutionGuid = {559E06C7-8F95-41A3-97A1-B0A691D04288}
	EndGlobalSection
EndGlobal
